
Microsoft Visual Studio Solution File, Format Version 12.00
# Visual Studio Version 17
VisualStudioVersion = 17.3.32929.385
MinimumVisualStudioVersion = 10.0.40219.1
Project("{8BC9CEB8-8B4A-11D0-8D11-00A0C91BC942}") = "Tutorial4Part2", "Tutorial4Part2.vcxproj", "{A381C30D-7A66-4FA5-BCF5-E6FC70AC5498}"
EndProject
Project("{8BC9CEB8-8B4A-11D0-8D11-00A0C91BC942}") = "UnitTest_Tutorial4Part2", "..\UnitTest_Tutorial4Part2\UnitTest_Tutorial4Part2.vcxproj", "{D4488DB2-F1DD-49DE-9632-3C820DF5DD2F}"
	ProjectSection(ProjectDependencies) = postProject
		{A381C30D-7A66-4FA5-BCF5-E6FC70AC5498} = {A381C30D-7A66-4FA5-BCF5-E6FC70AC5498}
	EndProjectSection
EndProject
Global
	GlobalSection(SolutionConfigurationPlatforms) = preSolution
		Debug|x64 = Debug|x64
		Debug|x86 = Debug|x86
		Release|x64 = Release|x64
		Release|x86 = Release|x86
	EndGlobalSection
	GlobalSection(ProjectConfigurationPlatforms) = postSolution
		{A381C30D-7A66-4FA5-BCF5-E6FC70AC5498}.Debug|x64.ActiveCfg = Debug|x64
		{A381C30D-7A66-4FA5-BCF5-E6FC70AC5498}.Debug|x64.Build.0 = Debug|x64
		{A381C30D-7A66-4FA5-BCF5-E6FC70AC5498}.Debug|x86.ActiveCfg = Debug|Win32
		{A381C30D-7A66-4FA5-BCF5-E6FC70AC5498}.Debug|x86.Build.0 = Debug|Win32
		{A381C30D-7A66-4FA5-BCF5-E6FC70AC5498}.Release|x64.ActiveCfg = Release|x64
		{A381C30D-7A66-4FA5-BCF5-E6FC70AC5498}.Release|x64.Build.0 = Release|x64
		{A381C30D-7A66-4FA5-BCF5-E6FC70AC5498}.Release|x86.ActiveCfg = Release|Win32
		{A381C30D-7A66-4FA5-BCF5-E6FC70AC5498}.Release|x86.Build.0 = Release|Win32
		{D4488DB2-F1DD-49DE-9632-3C820DF5DD2F}.Debug|x64.ActiveCfg = Debug|x64
		{D4488DB2-F1DD-49DE-9632-3C820DF5DD2F}.Debug|x64.Build.0 = Debug|x64
		{D4488DB2-F1DD-49DE-9632-3C820DF5DD2F}.Debug|x86.ActiveCfg = Debug|Win32
		{D4488DB2-F1DD-49DE-9632-3C820DF5DD2F}.Debug|x86.Build.0 = Debug|Win32
		{D4488DB2-F1DD-49DE-9632-3C820DF5DD2F}.Release|x64.ActiveCfg = Release|x64
		{D4488DB2-F1DD-49DE-9632-3C820DF5DD2F}.Release|x64.Build.0 = Release|x64
		{D4488DB2-F1DD-49DE-9632-3C820DF5DD2F}.Release|x86.ActiveCfg = Release|Win32
		{D4488DB2-F1DD-49DE-9632-3C820DF5DD2F}.Release|x86.Build.0 = Release|Win32
	EndGlobalSection
	GlobalSection(SolutionProperties) = preSolution
		HideSolutionNode = FALSE
	EndGlobalSection
	GlobalSection(ExtensibilityGlobals) = postSolution
		SolutionGuid = {7047EDA3-1E56-45BE-AC74-2D334CBFE431}
	EndGlobalSection
EndGlobal
